
Microsoft Visual Studio Solution File, Format Version 12.00
# Visual Studio Version 17
VisualStudioVersion = 17.9.34622.214
MinimumVisualStudioVersion = 10.0.40219.1
Project("{FAE04EC0-301F-11D3-BF4B-00C04F79EFBC}") = "Lab22", "Lab22\Lab22.csproj", "{1082EDB7-BFEE-4D2B-9967-59FDE295519F}"
EndProject
Global
	GlobalSection(SolutionConfigurationPlatforms) = preSolution
		Debug|Any CPU = Debug|Any CPU
		Release|Any CPU = Release|Any CPU
	EndGlobalSection
	GlobalSection(ProjectConfigurationPlatforms) = postSolution
		{1082EDB7-BFEE-4D2B-9967-59FDE295519F}.Debug|Any CPU.ActiveCfg = Debug|Any CPU
		{1082EDB7-BFEE-4D2B-9967-59FDE295519F}.Debug|Any CPU.Build.0 = Debug|Any CPU
		{1082EDB7-BFEE-4D2B-9967-59FDE295519F}.Release|Any CPU.ActiveCfg = Release|Any CPU
		{1082EDB7-BFEE-4D2B-9967-59FDE295519F}.Release|Any CPU.Build.0 = Release|Any CPU
	EndGlobalSection
	GlobalSection(SolutionProperties) = preSolution
		HideSolutionNode = FALSE
	EndGlobalSection
	GlobalSection(ExtensibilityGlobals) = postSolution
		SolutionGuid = {BC355CDF-F27A-4D10-8AAE-06A9508610C6}
	EndGlobalSection
EndGlobal
